
Microsoft Visual Studio Solution File, Format Version 12.00
# Visual Studio Version 17
VisualStudioVersion = 17.2.32630.192
MinimumVisualStudioVersion = 10.0.40219.1
Project("{FAE04EC0-301F-11D3-BF4B-00C04F79EFBC}") = "QuestPDFDemo", "QuestPDFDemo\QuestPDFDemo.csproj", "{0C23B21B-5C35-43C2-A746-2947C328CD2D}"
EndProject
Global
	GlobalSection(SolutionConfigurationPlatforms) = preSolution
		Debug|Any CPU = Debug|Any CPU
		Release|Any CPU = Release|Any CPU
	EndGlobalSection
	GlobalSection(ProjectConfigurationPlatforms) = postSolution
		{0C23B21B-5C35-43C2-A746-2947C328CD2D}.Debug|Any CPU.ActiveCfg = Debug|Any CPU
		{0C23B21B-5C35-43C2-A746-2947C328CD2D}.Debug|Any CPU.Build.0 = Debug|Any CPU
		{0C23B21B-5C35-43C2-A746-2947C328CD2D}.Release|Any CPU.ActiveCfg = Release|Any CPU
		{0C23B21B-5C35-43C2-A746-2947C328CD2D}.Release|Any CPU.Build.0 = Release|Any CPU
	EndGlobalSection
	GlobalSection(SolutionProperties) = preSolution
		HideSolutionNode = FALSE
	EndGlobalSection
	GlobalSection(ExtensibilityGlobals) = postSolution
		SolutionGuid = {66DFC44D-FD59-4CD7-9618-E61A784AA386}
	EndGlobalSection
EndGlobal
